// !$*UTF8*$!
{
	archiveVersion = 1;
	classes = {
	};
	objectVersion = 51;
	objects = {

/* Begin PBXBuildFile section */
		B0599CD41FA6104F5DD437DC /* Pods_Binh_Minh_Collab.framework in Frameworks */ = {isa = PBXBuildFile; fileRef = B1E1E452330E281BCED41C92 /* Pods_Binh_Minh_Collab.framework */; };
		D80FF820234C841800FCC52B /* manualCheckin.storyboard in Resources */ = {isa = PBXBuildFile; fileRef = D80FF81F234C841800FCC52B /* manualCheckin.storyboard */; };
		D80FF822234C867B00FCC52B /* mcNavigation.swift in Sources */ = {isa = PBXBuildFile; fileRef = D80FF821234C867B00FCC52B /* mcNavigation.swift */; };
		D80FF824234C8A8D00FCC52B /* manualCheckin + Styles.swift in Sources */ = {isa = PBXBuildFile; fileRef = D80FF823234C8A8D00FCC52B /* manualCheckin + Styles.swift */; };
		D80FF826234C8A9E00FCC52B /* manualCheckinController.swift in Sources */ = {isa = PBXBuildFile; fileRef = D80FF825234C8A9E00FCC52B /* manualCheckinController.swift */; };
		D812000B2338E8B900E8992F /* resultScreenController.swift in Sources */ = {isa = PBXBuildFile; fileRef = D812000A2338E8B900E8992F /* resultScreenController.swift */; };
		D81200122339056A00E8992F /* resultScreen.storyboard in Resources */ = {isa = PBXBuildFile; fileRef = D81200112339056A00E8992F /* resultScreen.storyboard */; };
		D81355ED234CA5C700F88C78 /* step_2_MC + Styles.swift in Sources */ = {isa = PBXBuildFile; fileRef = D81355EC234CA5C700F88C78 /* step_2_MC + Styles.swift */; };
		D81355EF234D5EB000F88C78 /* step_2_MC + tableView.swift in Sources */ = {isa = PBXBuildFile; fileRef = D81355EE234D5EB000F88C78 /* step_2_MC + tableView.swift */; };
		D81355F1234D5EF400F88C78 /* classroom_cell.swift in Sources */ = {isa = PBXBuildFile; fileRef = D81355F0234D5EF400F88C78 /* classroom_cell.swift */; };
		D81355F3234D639F00F88C78 /* manualCheckinResponse.swift in Sources */ = {isa = PBXBuildFile; fileRef = D81355F2234D639F00F88C78 /* manualCheckinResponse.swift */; };
		D83220AF232A720300189B20 /* AppDelegate.swift in Sources */ = {isa = PBXBuildFile; fileRef = D83220AE232A720300189B20 /* AppDelegate.swift */; };
		D83220B6232A720400189B20 /* Assets.xcassets in Resources */ = {isa = PBXBuildFile; fileRef = D83220B5232A720400189B20 /* Assets.xcassets */; };
		D83220B9232A720400189B20 /* LaunchScreen.storyboard in Resources */ = {isa = PBXBuildFile; fileRef = D83220B7232A720400189B20 /* LaunchScreen.storyboard */; };
		D83220C3232A724B00189B20 /* Main.storyboard in Resources */ = {isa = PBXBuildFile; fileRef = D83220C0232A724A00189B20 /* Main.storyboard */; };
		D83220C5232A724B00189B20 /* rootViewController.swift in Sources */ = {isa = PBXBuildFile; fileRef = D83220C2232A724B00189B20 /* rootViewController.swift */; };
		D83220C9232A731900189B20 /* LoginController.swift in Sources */ = {isa = PBXBuildFile; fileRef = D83220C8232A731900189B20 /* LoginController.swift */; };
		D83220CD232A798200189B20 /* LoginController+Styles.swift in Sources */ = {isa = PBXBuildFile; fileRef = D83220CC232A798200189B20 /* LoginController+Styles.swift */; };
		D83220D1232A846300189B20 /* Constant.swift in Sources */ = {isa = PBXBuildFile; fileRef = D83220D0232A846300189B20 /* Constant.swift */; };
		D8479D29232D15AF00FA2B69 /* ScanView.swift in Sources */ = {isa = PBXBuildFile; fileRef = D8479D28232D15AE00FA2B69 /* ScanView.swift */; };
		D8479D2B232D223700FA2B69 /* rootViewController+Styles.swift in Sources */ = {isa = PBXBuildFile; fileRef = D8479D2A232D223700FA2B69 /* rootViewController+Styles.swift */; };
		D8479D2F232D283700FA2B69 /* rootScanView.swift in Sources */ = {isa = PBXBuildFile; fileRef = D8479D2E232D283700FA2B69 /* rootScanView.swift */; };
		D8479D3B232E4AB200FA2B69 /* PopUpModal.swift in Sources */ = {isa = PBXBuildFile; fileRef = D8479D3A232E4AB200FA2B69 /* PopUpModal.swift */; };
		D8479D44232E5CD100FA2B69 /* Student.swift in Sources */ = {isa = PBXBuildFile; fileRef = D8479D43232E5CD100FA2B69 /* Student.swift */; };
		D84DEE70234C9683004A9521 /* step_2_MC.swift in Sources */ = {isa = PBXBuildFile; fileRef = D84DEE6F234C9683004A9521 /* step_2_MC.swift */; };
		D84DEE72234C96AB004A9521 /* step_3_MC.swift in Sources */ = {isa = PBXBuildFile; fileRef = D84DEE71234C96AB004A9521 /* step_3_MC.swift */; };
		D84DEE74234C96C6004A9521 /* finished_MC.swift in Sources */ = {isa = PBXBuildFile; fileRef = D84DEE73234C96C6004A9521 /* finished_MC.swift */; };
		D8603EE3233E0B8E0083B325 /* sendSiblings+tableView.swift in Sources */ = {isa = PBXBuildFile; fileRef = D8603EE2233E0B8E0083B325 /* sendSiblings+tableView.swift */; };
		D877D494232FE04100F06783 /* BinhMinhAPI.swift in Sources */ = {isa = PBXBuildFile; fileRef = D877D493232FE04100F06783 /* BinhMinhAPI.swift */; };
		D877D497232FE81300F06783 /* BinhMinhAPIManager.swift in Sources */ = {isa = PBXBuildFile; fileRef = D877D496232FE81300F06783 /* BinhMinhAPIManager.swift */; };
		D877D499232FF2D500F06783 /* NavigationController.swift in Sources */ = {isa = PBXBuildFile; fileRef = D877D498232FF2D500F06783 /* NavigationController.swift */; };
		D877D49C23308D8B00F06783 /* StackedProfileViewController.swift in Sources */ = {isa = PBXBuildFile; fileRef = D877D49B23308D8B00F06783 /* StackedProfileViewController.swift */; };
		D877D49E2330964300F06783 /* StudentInfoModal.swift in Sources */ = {isa = PBXBuildFile; fileRef = D877D49D2330964300F06783 /* StudentInfoModal.swift */; };
		D8921E14233B468C008B4B73 /* ContactCell.swift in Sources */ = {isa = PBXBuildFile; fileRef = D8921E13233B468C008B4B73 /* ContactCell.swift */; };
		D894C5CB233B24D60051AD4A /* Student_Off.swift in Sources */ = {isa = PBXBuildFile; fileRef = D894C5CA233B24D60051AD4A /* Student_Off.swift */; };
		D89FA00123AF976000892074 /* Binh_Minh_CollabTests.swift in Sources */ = {isa = PBXBuildFile; fileRef = D89FA00023AF976000892074 /* Binh_Minh_CollabTests.swift */; };
		D8AB3933234E77CD009A43B4 /* step_3_MC + tableView.swift in Sources */ = {isa = PBXBuildFile; fileRef = D8AB3932234E77CD009A43B4 /* step_3_MC + tableView.swift */; };
		D8AB3935234E7A3C009A43B4 /* step_3_MC + Styles.swift in Sources */ = {isa = PBXBuildFile; fileRef = D8AB3934234E7A3C009A43B4 /* step_3_MC + Styles.swift */; };
		D8C673B6233A16A400B8EDAE /* resultScreen+Styles.swift in Sources */ = {isa = PBXBuildFile; fileRef = D8C673B5233A16A400B8EDAE /* resultScreen+Styles.swift */; };
		D8C673B8233A180000B8EDAE /* navigationResultScreen.swift in Sources */ = {isa = PBXBuildFile; fileRef = D8C673B7233A180000B8EDAE /* navigationResultScreen.swift */; };
		D8D5F56B233E32DA00662481 /* callSiblings.swift in Sources */ = {isa = PBXBuildFile; fileRef = D8D5F56A233E32DA00662481 /* callSiblings.swift */; };
		D8D5F56D233E33B000662481 /* sendSiblings+Messages.swift in Sources */ = {isa = PBXBuildFile; fileRef = D8D5F56C233E33B000662481 /* sendSiblings+Messages.swift */; };
		D8D5F56F233E366D00662481 /* resultScreen+tableView.swift in Sources */ = {isa = PBXBuildFile; fileRef = D8D5F56E233E366D00662481 /* resultScreen+tableView.swift */; };
		D8D5F571233E3E9600662481 /* callSiblings+call.swift in Sources */ = {isa = PBXBuildFile; fileRef = D8D5F570233E3E9600662481 /* callSiblings+call.swift */; };
		D8D5F573233E3EB600662481 /* callSiblings+tableView.swift in Sources */ = {isa = PBXBuildFile; fileRef = D8D5F572233E3EB600662481 /* callSiblings+tableView.swift */; };
		D8E29A47234EE1160074CA84 /* lecture_cell.swift in Sources */ = {isa = PBXBuildFile; fileRef = D8E29A46234EE1160074CA84 /* lecture_cell.swift */; };
		D8ECB721233DFC41008A3422 /* Section.swift in Sources */ = {isa = PBXBuildFile; fileRef = D8ECB720233DFC41008A3422 /* Section.swift */; };
		D8ECB723233E0839008A3422 /* sendSiblings+Styles.swift in Sources */ = {isa = PBXBuildFile; fileRef = D8ECB722233E0839008A3422 /* sendSiblings+Styles.swift */; };
		D8EE4551233B6AA9007BB8D3 /* sendSiblings.swift in Sources */ = {isa = PBXBuildFile; fileRef = D8EE4550233B6AA9007BB8D3 /* sendSiblings.swift */; };
		D8FB670C233744AD00CA1C09 /* CheckInResponse.swift in Sources */ = {isa = PBXBuildFile; fileRef = D8FB670B233744AD00CA1C09 /* CheckInResponse.swift */; };
/* End PBXBuildFile section */

/* Begin PBXContainerItemProxy section */
		D89FA00323AF976000892074 /* PBXContainerItemProxy */ = {
			isa = PBXContainerItemProxy;
			containerPortal = D83220A3232A720300189B20 /* Project object */;
			proxyType = 1;
			remoteGlobalIDString = D83220AA232A720300189B20;
			remoteInfo = "Binh Minh Collab";
		};
/* End PBXContainerItemProxy section */

/* Begin PBXFileReference section */
		6A253EA5BA6D7F933026892D /* Pods-Binh Minh Collab.debug.xcconfig */ = {isa = PBXFileReference; includeInIndex = 1; lastKnownFileType = text.xcconfig; name = "Pods-Binh Minh Collab.debug.xcconfig"; path = "Target Support Files/Pods-Binh Minh Collab/Pods-Binh Minh Collab.debug.xcconfig"; sourceTree = "<group>"; };
		84D74027E3B2FB6D53AEB7B6 /* Pods-Binh Minh Collab.release.xcconfig */ = {isa = PBXFileReference; includeInIndex = 1; lastKnownFileType = text.xcconfig; name = "Pods-Binh Minh Collab.release.xcconfig"; path = "Target Support Files/Pods-Binh Minh Collab/Pods-Binh Minh Collab.release.xcconfig"; sourceTree = "<group>"; };
		B1E1E452330E281BCED41C92 /* Pods_Binh_Minh_Collab.framework */ = {isa = PBXFileReference; explicitFileType = wrapper.framework; includeInIndex = 0; path = Pods_Binh_Minh_Collab.framework; sourceTree = BUILT_PRODUCTS_DIR; };
		D80FF81F234C841800FCC52B /* manualCheckin.storyboard */ = {isa = PBXFileReference; lastKnownFileType = file.storyboard; path = manualCheckin.storyboard; sourceTree = "<group>"; };
		D80FF821234C867B00FCC52B /* mcNavigation.swift */ = {isa = PBXFileReference; lastKnownFileType = sourcecode.swift; path = mcNavigation.swift; sourceTree = "<group>"; };
		D80FF823234C8A8D00FCC52B /* manualCheckin + Styles.swift */ = {isa = PBXFileReference; lastKnownFileType = sourcecode.swift; path = "manualCheckin + Styles.swift"; sourceTree = "<group>"; };
		D80FF825234C8A9E00FCC52B /* manualCheckinController.swift */ = {isa = PBXFileReference; lastKnownFileType = sourcecode.swift; name = manualCheckinController.swift; path = "../New Group/manualCheckinController.swift"; sourceTree = "<group>"; };
		D812000A2338E8B900E8992F /* resultScreenController.swift */ = {isa = PBXFileReference; lastKnownFileType = sourcecode.swift; path = resultScreenController.swift; sourceTree = "<group>"; };
		D81200112339056A00E8992F /* resultScreen.storyboard */ = {isa = PBXFileReference; lastKnownFileType = file.storyboard; path = resultScreen.storyboard; sourceTree = "<group>"; };
		D81355EC234CA5C700F88C78 /* step_2_MC + Styles.swift */ = {isa = PBXFileReference; lastKnownFileType = sourcecode.swift; path = "step_2_MC + Styles.swift"; sourceTree = "<group>"; };
		D81355EE234D5EB000F88C78 /* step_2_MC + tableView.swift */ = {isa = PBXFileReference; lastKnownFileType = sourcecode.swift; path = "step_2_MC + tableView.swift"; sourceTree = "<group>"; };
		D81355F0234D5EF400F88C78 /* classroom_cell.swift */ = {isa = PBXFileReference; lastKnownFileType = sourcecode.swift; path = classroom_cell.swift; sourceTree = "<group>"; };
		D81355F2234D639F00F88C78 /* manualCheckinResponse.swift */ = {isa = PBXFileReference; lastKnownFileType = sourcecode.swift; path = manualCheckinResponse.swift; sourceTree = "<group>"; };
		D83220AB232A720300189B20 /* Binh Minh Collab.app */ = {isa = PBXFileReference; explicitFileType = wrapper.application; includeInIndex = 0; path = "Binh Minh Collab.app"; sourceTree = BUILT_PRODUCTS_DIR; };
		D83220AE232A720300189B20 /* AppDelegate.swift */ = {isa = PBXFileReference; lastKnownFileType = sourcecode.swift; path = AppDelegate.swift; sourceTree = "<group>"; };
		D83220B5232A720400189B20 /* Assets.xcassets */ = {isa = PBXFileReference; lastKnownFileType = folder.assetcatalog; path = Assets.xcassets; sourceTree = "<group>"; };
		D83220B8232A720400189B20 /* Base */ = {isa = PBXFileReference; lastKnownFileType = file.storyboard; name = Base; path = Base.lproj/LaunchScreen.storyboard; sourceTree = "<group>"; };
		D83220BA232A720400189B20 /* Info.plist */ = {isa = PBXFileReference; lastKnownFileType = text.plist.xml; path = Info.plist; sourceTree = "<group>"; };
		D83220C0232A724A00189B20 /* Main.storyboard */ = {isa = PBXFileReference; fileEncoding = 4; lastKnownFileType = file.storyboard; path = Main.storyboard; sourceTree = "<group>"; };
		D83220C2232A724B00189B20 /* rootViewController.swift */ = {isa = PBXFileReference; fileEncoding = 4; lastKnownFileType = sourcecode.swift; path = rootViewController.swift; sourceTree = "<group>"; };
		D83220C8232A731900189B20 /* LoginController.swift */ = {isa = PBXFileReference; fileEncoding = 4; lastKnownFileType = sourcecode.swift; path = LoginController.swift; sourceTree = "<group>"; };
		D83220CC232A798200189B20 /* LoginController+Styles.swift */ = {isa = PBXFileReference; lastKnownFileType = sourcecode.swift; path = "LoginController+Styles.swift"; sourceTree = "<group>"; };
		D83220D0232A846300189B20 /* Constant.swift */ = {isa = PBXFileReference; lastKnownFileType = sourcecode.swift; path = Constant.swift; sourceTree = "<group>"; };
		D8479D28232D15AE00FA2B69 /* ScanView.swift */ = {isa = PBXFileReference; fileEncoding = 4; lastKnownFileType = sourcecode.swift; path = ScanView.swift; sourceTree = "<group>"; };
		D8479D2A232D223700FA2B69 /* rootViewController+Styles.swift */ = {isa = PBXFileReference; lastKnownFileType = sourcecode.swift; path = "rootViewController+Styles.swift"; sourceTree = "<group>"; };
		D8479D2E232D283700FA2B69 /* rootScanView.swift */ = {isa = PBXFileReference; lastKnownFileType = sourcecode.swift; name = rootScanView.swift; path = ../rootScanView.swift; sourceTree = "<group>"; };
		D8479D3A232E4AB200FA2B69 /* PopUpModal.swift */ = {isa = PBXFileReference; lastKnownFileType = sourcecode.swift; path = PopUpModal.swift; sourceTree = "<group>"; };
		D8479D43232E5CD100FA2B69 /* Student.swift */ = {isa = PBXFileReference; lastKnownFileType = sourcecode.swift; path = Student.swift; sourceTree = "<group>"; };
		D84DEE6F234C9683004A9521 /* step_2_MC.swift */ = {isa = PBXFileReference; lastKnownFileType = sourcecode.swift; path = step_2_MC.swift; sourceTree = "<group>"; };
		D84DEE71234C96AB004A9521 /* step_3_MC.swift */ = {isa = PBXFileReference; lastKnownFileType = sourcecode.swift; path = step_3_MC.swift; sourceTree = "<group>"; };
		D84DEE73234C96C6004A9521 /* finished_MC.swift */ = {isa = PBXFileReference; lastKnownFileType = sourcecode.swift; path = finished_MC.swift; sourceTree = "<group>"; };
		D8603EE2233E0B8E0083B325 /* sendSiblings+tableView.swift */ = {isa = PBXFileReference; lastKnownFileType = sourcecode.swift; path = "sendSiblings+tableView.swift"; sourceTree = "<group>"; };
		D877D493232FE04100F06783 /* BinhMinhAPI.swift */ = {isa = PBXFileReference; lastKnownFileType = sourcecode.swift; path = BinhMinhAPI.swift; sourceTree = "<group>"; };
		D877D496232FE81300F06783 /* BinhMinhAPIManager.swift */ = {isa = PBXFileReference; lastKnownFileType = sourcecode.swift; path = BinhMinhAPIManager.swift; sourceTree = "<group>"; };
		D877D498232FF2D500F06783 /* NavigationController.swift */ = {isa = PBXFileReference; lastKnownFileType = sourcecode.swift; path = NavigationController.swift; sourceTree = "<group>"; };
		D877D49B23308D8B00F06783 /* StackedProfileViewController.swift */ = {isa = PBXFileReference; fileEncoding = 4; lastKnownFileType = sourcecode.swift; path = StackedProfileViewController.swift; sourceTree = "<group>"; };
		D877D49D2330964300F06783 /* StudentInfoModal.swift */ = {isa = PBXFileReference; fileEncoding = 4; lastKnownFileType = sourcecode.swift; path = StudentInfoModal.swift; sourceTree = "<group>"; };
		D8921E13233B468C008B4B73 /* ContactCell.swift */ = {isa = PBXFileReference; lastKnownFileType = sourcecode.swift; path = ContactCell.swift; sourceTree = "<group>"; };
		D894C5CA233B24D60051AD4A /* Student_Off.swift */ = {isa = PBXFileReference; lastKnownFileType = sourcecode.swift; path = Student_Off.swift; sourceTree = "<group>"; };
		D89F9FF823AF967E00892074 /* Binh Minh Collab.xctestplan */ = {isa = PBXFileReference; lastKnownFileType = text; path = "Binh Minh Collab.xctestplan"; sourceTree = "<group>"; };
		D89F9FF923AF96E500892074 /* Binh Minh Collab Test.xctestplan */ = {isa = PBXFileReference; lastKnownFileType = text; path = "Binh Minh Collab Test.xctestplan"; sourceTree = "<group>"; };
		D89F9FFE23AF976000892074 /* Binh Minh CollabTests.xctest */ = {isa = PBXFileReference; explicitFileType = wrapper.cfbundle; includeInIndex = 0; path = "Binh Minh CollabTests.xctest"; sourceTree = BUILT_PRODUCTS_DIR; };
		D89FA00023AF976000892074 /* Binh_Minh_CollabTests.swift */ = {isa = PBXFileReference; lastKnownFileType = sourcecode.swift; path = Binh_Minh_CollabTests.swift; sourceTree = "<group>"; };
		D89FA00223AF976000892074 /* Info.plist */ = {isa = PBXFileReference; lastKnownFileType = text.plist.xml; path = Info.plist; sourceTree = "<group>"; };
		D8AB3932234E77CD009A43B4 /* step_3_MC + tableView.swift */ = {isa = PBXFileReference; lastKnownFileType = sourcecode.swift; path = "step_3_MC + tableView.swift"; sourceTree = "<group>"; };
		D8AB3934234E7A3C009A43B4 /* step_3_MC + Styles.swift */ = {isa = PBXFileReference; lastKnownFileType = sourcecode.swift; path = "step_3_MC + Styles.swift"; sourceTree = "<group>"; };
		D8C673B5233A16A400B8EDAE /* resultScreen+Styles.swift */ = {isa = PBXFileReference; lastKnownFileType = sourcecode.swift; path = "resultScreen+Styles.swift"; sourceTree = "<group>"; };
		D8C673B7233A180000B8EDAE /* navigationResultScreen.swift */ = {isa = PBXFileReference; lastKnownFileType = sourcecode.swift; path = navigationResultScreen.swift; sourceTree = "<group>"; };
		D8D5F56A233E32DA00662481 /* callSiblings.swift */ = {isa = PBXFileReference; lastKnownFileType = sourcecode.swift; path = callSiblings.swift; sourceTree = "<group>"; };
		D8D5F56C233E33B000662481 /* sendSiblings+Messages.swift */ = {isa = PBXFileReference; lastKnownFileType = sourcecode.swift; path = "sendSiblings+Messages.swift"; sourceTree = "<group>"; };
		D8D5F56E233E366D00662481 /* resultScreen+tableView.swift */ = {isa = PBXFileReference; lastKnownFileType = sourcecode.swift; path = "resultScreen+tableView.swift"; sourceTree = "<group>"; };
		D8D5F570233E3E9600662481 /* callSiblings+call.swift */ = {isa = PBXFileReference; lastKnownFileType = sourcecode.swift; path = "callSiblings+call.swift"; sourceTree = "<group>"; };
		D8D5F572233E3EB600662481 /* callSiblings+tableView.swift */ = {isa = PBXFileReference; lastKnownFileType = sourcecode.swift; path = "callSiblings+tableView.swift"; sourceTree = "<group>"; };
		D8E29A46234EE1160074CA84 /* lecture_cell.swift */ = {isa = PBXFileReference; lastKnownFileType = sourcecode.swift; path = lecture_cell.swift; sourceTree = "<group>"; };
		D8ECB720233DFC41008A3422 /* Section.swift */ = {isa = PBXFileReference; lastKnownFileType = sourcecode.swift; path = Section.swift; sourceTree = "<group>"; };
		D8ECB722233E0839008A3422 /* sendSiblings+Styles.swift */ = {isa = PBXFileReference; lastKnownFileType = sourcecode.swift; path = "sendSiblings+Styles.swift"; sourceTree = "<group>"; };
		D8EE4550233B6AA9007BB8D3 /* sendSiblings.swift */ = {isa = PBXFileReference; lastKnownFileType = sourcecode.swift; path = sendSiblings.swift; sourceTree = "<group>"; };
		D8FB670B233744AD00CA1C09 /* CheckInResponse.swift */ = {isa = PBXFileReference; lastKnownFileType = sourcecode.swift; path = CheckInResponse.swift; sourceTree = "<group>"; };
/* End PBXFileReference section */

/* Begin PBXFrameworksBuildPhase section */
		D83220A8232A720300189B20 /* Frameworks */ = {
			isa = PBXFrameworksBuildPhase;
			buildActionMask = 2147483647;
			files = (
				B0599CD41FA6104F5DD437DC /* Pods_Binh_Minh_Collab.framework in Frameworks */,
			);
			runOnlyForDeploymentPostprocessing = 0;
		};
		D89F9FFB23AF976000892074 /* Frameworks */ = {
			isa = PBXFrameworksBuildPhase;
			buildActionMask = 2147483647;
			files = (
			);
			runOnlyForDeploymentPostprocessing = 0;
		};
/* End PBXFrameworksBuildPhase section */

/* Begin PBXGroup section */
		41583DD9B4323B0DF63A4041 /* Frameworks */ = {
			isa = PBXGroup;
			children = (
				B1E1E452330E281BCED41C92 /* Pods_Binh_Minh_Collab.framework */,
			);
			name = Frameworks;
			sourceTree = "<group>";
		};
		AB9207C8045C598086027DCC /* Pods */ = {
			isa = PBXGroup;
			children = (
				6A253EA5BA6D7F933026892D /* Pods-Binh Minh Collab.debug.xcconfig */,
				84D74027E3B2FB6D53AEB7B6 /* Pods-Binh Minh Collab.release.xcconfig */,
			);
			path = Pods;
			sourceTree = "<group>";
		};
		D803D06523310D0300644B02 /* QrScanner */ = {
			isa = PBXGroup;
			children = (
				D8479D2E232D283700FA2B69 /* rootScanView.swift */,
				D8479D28232D15AE00FA2B69 /* ScanView.swift */,
				D877D49A23307C0000F06783 /* Popup Modal */,
			);
			path = QrScanner;
			sourceTree = "<group>";
		};
		D8112AD2233B3A11006D4146 /* reviewCheckIn */ = {
			isa = PBXGroup;
			children = (
				D8921E13233B468C008B4B73 /* ContactCell.swift */,
				D8C673B7233A180000B8EDAE /* navigationResultScreen.swift */,
				D81200112339056A00E8992F /* resultScreen.storyboard */,
				D8ECB724233E0843008A3422 /* resultScreen */,
				D8D5F569233E32B600662481 /* callSiblings */,
				D876654D233E08C900E1166C /* sendSiblings */,
			);
			path = reviewCheckIn;
			sourceTree = "<group>";
		};
		D82D5757234C83B700A02FF0 /* manualCheckin */ = {
			isa = PBXGroup;
			children = (
				D80FF81F234C841800FCC52B /* manualCheckin.storyboard */,
				D80FF821234C867B00FCC52B /* mcNavigation.swift */,
				D84DEE6B234C964A004A9521 /* step_1 */,
				D84DEE6C234C9659004A9521 /* step_2 */,
				D84DEE6D234C965E004A9521 /* step_3 */,
				D84DEE6E234C9663004A9521 /* finished */,
			);
			path = manualCheckin;
			sourceTree = "<group>";
		};
		D83220A2232A720300189B20 = {
			isa = PBXGroup;
			children = (
				D83220AD232A720300189B20 /* Binh Minh Collab */,
				D89F9FFF23AF976000892074 /* Binh Minh CollabTests */,
				D83220AC232A720300189B20 /* Products */,
				AB9207C8045C598086027DCC /* Pods */,
				41583DD9B4323B0DF63A4041 /* Frameworks */,
			);
			sourceTree = "<group>";
		};
		D83220AC232A720300189B20 /* Products */ = {
			isa = PBXGroup;
			children = (
				D83220AB232A720300189B20 /* Binh Minh Collab.app */,
				D89F9FFE23AF976000892074 /* Binh Minh CollabTests.xctest */,
			);
			name = Products;
			sourceTree = "<group>";
		};
		D83220AD232A720300189B20 /* Binh Minh Collab */ = {
			isa = PBXGroup;
			children = (
				D83220D0232A846300189B20 /* Constant.swift */,
				D8479D27232D14E800FA2B69 /* Model */,
				D8479D26232D14DF00FA2B69 /* View */,
				D83220CB232A793C00189B20 /* Controller */,
				D877D495232FE7F900F06783 /* API */,
				D83220C0232A724A00189B20 /* Main.storyboard */,
				D83220B5232A720400189B20 /* Assets.xcassets */,
				D83220B7232A720400189B20 /* LaunchScreen.storyboard */,
				D83220BA232A720400189B20 /* Info.plist */,
				D89F9FF823AF967E00892074 /* Binh Minh Collab.xctestplan */,
				D89F9FF923AF96E500892074 /* Binh Minh Collab Test.xctestplan */,
			);
			path = "Binh Minh Collab";
			sourceTree = "<group>";
		};
		D83220CB232A793C00189B20 /* Controller */ = {
			isa = PBXGroup;
			children = (
				D877D498232FF2D500F06783 /* NavigationController.swift */,
				D83220C8232A731900189B20 /* LoginController.swift */,
				D83220CC232A798200189B20 /* LoginController+Styles.swift */,
				D83220C2232A724B00189B20 /* rootViewController.swift */,
				D8479D2A232D223700FA2B69 /* rootViewController+Styles.swift */,
				D83220AE232A720300189B20 /* AppDelegate.swift */,
				D82D5757234C83B700A02FF0 /* manualCheckin */,
				D8112AD2233B3A11006D4146 /* reviewCheckIn */,
				D803D06523310D0300644B02 /* QrScanner */,
			);
			path = Controller;
			sourceTree = "<group>";
		};
		D8479D26232D14DF00FA2B69 /* View */ = {
			isa = PBXGroup;
			children = (
			);
			path = View;
			sourceTree = "<group>";
		};
		D8479D27232D14E800FA2B69 /* Model */ = {
			isa = PBXGroup;
			children = (
				D8479D43232E5CD100FA2B69 /* Student.swift */,
				D8FB670B233744AD00CA1C09 /* CheckInResponse.swift */,
				D894C5CA233B24D60051AD4A /* Student_Off.swift */,
				D8ECB720233DFC41008A3422 /* Section.swift */,
				D81355F2234D639F00F88C78 /* manualCheckinResponse.swift */,
			);
			path = Model;
			sourceTree = "<group>";
		};
		D84DEE6B234C964A004A9521 /* step_1 */ = {
			isa = PBXGroup;
			children = (
				D80FF825234C8A9E00FCC52B /* manualCheckinController.swift */,
				D80FF823234C8A8D00FCC52B /* manualCheckin + Styles.swift */,
			);
			path = step_1;
			sourceTree = "<group>";
		};
		D84DEE6C234C9659004A9521 /* step_2 */ = {
			isa = PBXGroup;
			children = (
				D84DEE6F234C9683004A9521 /* step_2_MC.swift */,
				D81355EE234D5EB000F88C78 /* step_2_MC + tableView.swift */,
				D81355EC234CA5C700F88C78 /* step_2_MC + Styles.swift */,
				D81355F0234D5EF400F88C78 /* classroom_cell.swift */,
			);
			path = step_2;
			sourceTree = "<group>";
		};
		D84DEE6D234C965E004A9521 /* step_3 */ = {
			isa = PBXGroup;
			children = (
				D84DEE71234C96AB004A9521 /* step_3_MC.swift */,
				D8E29A46234EE1160074CA84 /* lecture_cell.swift */,
				D8AB3934234E7A3C009A43B4 /* step_3_MC + Styles.swift */,
				D8AB3932234E77CD009A43B4 /* step_3_MC + tableView.swift */,
			);
			path = step_3;
			sourceTree = "<group>";
		};
		D84DEE6E234C9663004A9521 /* finished */ = {
			isa = PBXGroup;
			children = (
				D84DEE73234C96C6004A9521 /* finished_MC.swift */,
			);
			path = finished;
			sourceTree = "<group>";
		};
		D876654D233E08C900E1166C /* sendSiblings */ = {
			isa = PBXGroup;
			children = (
				D8EE4550233B6AA9007BB8D3 /* sendSiblings.swift */,
				D8D5F56C233E33B000662481 /* sendSiblings+Messages.swift */,
				D8603EE2233E0B8E0083B325 /* sendSiblings+tableView.swift */,
				D8ECB722233E0839008A3422 /* sendSiblings+Styles.swift */,
			);
			path = sendSiblings;
			sourceTree = "<group>";
		};
		D877D495232FE7F900F06783 /* API */ = {
			isa = PBXGroup;
			children = (
				D877D493232FE04100F06783 /* BinhMinhAPI.swift */,
				D877D496232FE81300F06783 /* BinhMinhAPIManager.swift */,
			);
			path = API;
			sourceTree = "<group>";
		};
		D877D49A23307C0000F06783 /* Popup Modal */ = {
			isa = PBXGroup;
			children = (
				D877D49D2330964300F06783 /* StudentInfoModal.swift */,
				D8479D3A232E4AB200FA2B69 /* PopUpModal.swift */,
				D877D49B23308D8B00F06783 /* StackedProfileViewController.swift */,
			);
			path = "Popup Modal";
			sourceTree = "<group>";
		};
		D89F9FFF23AF976000892074 /* Binh Minh CollabTests */ = {
			isa = PBXGroup;
			children = (
				D89FA00023AF976000892074 /* Binh_Minh_CollabTests.swift */,
				D89FA00223AF976000892074 /* Info.plist */,
			);
			path = "Binh Minh CollabTests";
			sourceTree = "<group>";
		};
		D8D5F569233E32B600662481 /* callSiblings */ = {
			isa = PBXGroup;
			children = (
				D8D5F56A233E32DA00662481 /* callSiblings.swift */,
				D8D5F572233E3EB600662481 /* callSiblings+tableView.swift */,
				D8D5F570233E3E9600662481 /* callSiblings+call.swift */,
			);
			path = callSiblings;
			sourceTree = "<group>";
		};
		D8ECB724233E0843008A3422 /* resultScreen */ = {
			isa = PBXGroup;
			children = (
				D812000A2338E8B900E8992F /* resultScreenController.swift */,
				D8C673B5233A16A400B8EDAE /* resultScreen+Styles.swift */,
				D8D5F56E233E366D00662481 /* resultScreen+tableView.swift */,
			);
			path = resultScreen;
			sourceTree = "<group>";
		};
/* End PBXGroup section */

/* Begin PBXNativeTarget section */
		D83220AA232A720300189B20 /* Binh Minh Collab */ = {
			isa = PBXNativeTarget;
			buildConfigurationList = D83220BD232A720400189B20 /* Build configuration list for PBXNativeTarget "Binh Minh Collab" */;
			buildPhases = (
				BC811DCCBFC3C2EBBA78B34F /* [CP] Check Pods Manifest.lock */,
				D83220A7232A720300189B20 /* Sources */,
				D83220A8232A720300189B20 /* Frameworks */,
				D83220A9232A720300189B20 /* Resources */,
				B22EC6612BA6C4BEAB7E9619 /* [CP] Embed Pods Frameworks */,
			);
			buildRules = (
			);
			dependencies = (
			);
			name = "Binh Minh Collab";
			productName = "Binh Minh Collab";
			productReference = D83220AB232A720300189B20 /* Binh Minh Collab.app */;
			productType = "com.apple.product-type.application";
		};
		D89F9FFD23AF976000892074 /* Binh Minh CollabTests */ = {
			isa = PBXNativeTarget;
			buildConfigurationList = D89FA00523AF976000892074 /* Build configuration list for PBXNativeTarget "Binh Minh CollabTests" */;
			buildPhases = (
				D89F9FFA23AF976000892074 /* Sources */,
				D89F9FFB23AF976000892074 /* Frameworks */,
				D89F9FFC23AF976000892074 /* Resources */,
			);
			buildRules = (
			);
			dependencies = (
				D89FA00423AF976000892074 /* PBXTargetDependency */,
			);
			name = "Binh Minh CollabTests";
			productName = "Binh Minh CollabTests";
			productReference = D89F9FFE23AF976000892074 /* Binh Minh CollabTests.xctest */;
			productType = "com.apple.product-type.bundle.unit-test";
		};
/* End PBXNativeTarget section */

/* Begin PBXProject section */
		D83220A3232A720300189B20 /* Project object */ = {
			isa = PBXProject;
			attributes = {
				LastSwiftUpdateCheck = 1130;
				LastUpgradeCheck = 1030;
				ORGANIZATIONNAME = "Hoàng Sơn Tùng";
				TargetAttributes = {
					D83220AA232A720300189B20 = {
						CreatedOnToolsVersion = 10.3;
					};
					D89F9FFD23AF976000892074 = {
						CreatedOnToolsVersion = 11.3;
						TestTargetID = D83220AA232A720300189B20;
					};
				};
			};
			buildConfigurationList = D83220A6232A720300189B20 /* Build configuration list for PBXProject "Binh Minh Collab" */;
			compatibilityVersion = "Xcode 9.3";
			developmentRegion = en;
			hasScannedForEncodings = 0;
			knownRegions = (
				en,
				Base,
			);
			mainGroup = D83220A2232A720300189B20;
			productRefGroup = D83220AC232A720300189B20 /* Products */;
			projectDirPath = "";
			projectRoot = "";
			targets = (
				D83220AA232A720300189B20 /* Binh Minh Collab */,
				D89F9FFD23AF976000892074 /* Binh Minh CollabTests */,
			);
		};
/* End PBXProject section */

/* Begin PBXResourcesBuildPhase section */
		D83220A9232A720300189B20 /* Resources */ = {
			isa = PBXResourcesBuildPhase;
			buildActionMask = 2147483647;
			files = (
				D83220B9232A720400189B20 /* LaunchScreen.storyboard in Resources */,
				D80FF820234C841800FCC52B /* manualCheckin.storyboard in Resources */,
				D81200122339056A00E8992F /* resultScreen.storyboard in Resources */,
				D83220B6232A720400189B20 /* Assets.xcassets in Resources */,
				D83220C3232A724B00189B20 /* Main.storyboard in Resources */,
			);
			runOnlyForDeploymentPostprocessing = 0;
		};
		D89F9FFC23AF976000892074 /* Resources */ = {
			isa = PBXResourcesBuildPhase;
			buildActionMask = 2147483647;
			files = (
			);
			runOnlyForDeploymentPostprocessing = 0;
		};
/* End PBXResourcesBuildPhase section */

/* Begin PBXShellScriptBuildPhase section */
		B22EC6612BA6C4BEAB7E9619 /* [CP] Embed Pods Frameworks */ = {
			isa = PBXShellScriptBuildPhase;
			buildActionMask = 2147483647;
			files = (
			);
			inputFileListPaths = (
				"${PODS_ROOT}/Target Support Files/Pods-Binh Minh Collab/Pods-Binh Minh Collab-frameworks-${CONFIGURATION}-input-files.xcfilelist",
			);
			name = "[CP] Embed Pods Frameworks";
			outputFileListPaths = (
				"${PODS_ROOT}/Target Support Files/Pods-Binh Minh Collab/Pods-Binh Minh Collab-frameworks-${CONFIGURATION}-output-files.xcfilelist",
			);
			runOnlyForDeploymentPostprocessing = 0;
			shellPath = /bin/sh;
			shellScript = "\"${PODS_ROOT}/Target Support Files/Pods-Binh Minh Collab/Pods-Binh Minh Collab-frameworks.sh\"\n";
			showEnvVarsInLog = 0;
		};
		BC811DCCBFC3C2EBBA78B34F /* [CP] Check Pods Manifest.lock */ = {
			isa = PBXShellScriptBuildPhase;
			buildActionMask = 2147483647;
			files = (
			);
			inputFileListPaths = (
			);
			inputPaths = (
				"${PODS_PODFILE_DIR_PATH}/Podfile.lock",
				"${PODS_ROOT}/Manifest.lock",
			);
			name = "[CP] Check Pods Manifest.lock";
			outputFileListPaths = (
			);
			outputPaths = (
				"$(DERIVED_FILE_DIR)/Pods-Binh Minh Collab-checkManifestLockResult.txt",
			);
			runOnlyForDeploymentPostprocessing = 0;
			shellPath = /bin/sh;
			shellScript = "diff \"${PODS_PODFILE_DIR_PATH}/Podfile.lock\" \"${PODS_ROOT}/Manifest.lock\" > /dev/null\nif [ $? != 0 ] ; then\n    # print error to STDERR\n    echo \"error: The sandbox is not in sync with the Podfile.lock. Run 'pod install' or update your CocoaPods installation.\" >&2\n    exit 1\nfi\n# This output is used by Xcode 'outputs' to avoid re-running this script phase.\necho \"SUCCESS\" > \"${SCRIPT_OUTPUT_FILE_0}\"\n";
			showEnvVarsInLog = 0;
		};
/* End PBXShellScriptBuildPhase section */

/* Begin PBXSourcesBuildPhase section */
		D83220A7232A720300189B20 /* Sources */ = {
			isa = PBXSourcesBuildPhase;
			buildActionMask = 2147483647;
			files = (
				D8D5F573233E3EB600662481 /* callSiblings+tableView.swift in Sources */,
				D8479D3B232E4AB200FA2B69 /* PopUpModal.swift in Sources */,
				D81355EF234D5EB000F88C78 /* step_2_MC + tableView.swift in Sources */,
				D8E29A47234EE1160074CA84 /* lecture_cell.swift in Sources */,
				D8D5F571233E3E9600662481 /* callSiblings+call.swift in Sources */,
				D83220C9232A731900189B20 /* LoginController.swift in Sources */,
				D8603EE3233E0B8E0083B325 /* sendSiblings+tableView.swift in Sources */,
				D8AB3933234E77CD009A43B4 /* step_3_MC + tableView.swift in Sources */,
				D8479D2F232D283700FA2B69 /* rootScanView.swift in Sources */,
				D877D494232FE04100F06783 /* BinhMinhAPI.swift in Sources */,
				D84DEE72234C96AB004A9521 /* step_3_MC.swift in Sources */,
				D81355F1234D5EF400F88C78 /* classroom_cell.swift in Sources */,
				D8FB670C233744AD00CA1C09 /* CheckInResponse.swift in Sources */,
				D894C5CB233B24D60051AD4A /* Student_Off.swift in Sources */,
				D877D49E2330964300F06783 /* StudentInfoModal.swift in Sources */,
				D83220C5232A724B00189B20 /* rootViewController.swift in Sources */,
				D812000B2338E8B900E8992F /* resultScreenController.swift in Sources */,
				D877D499232FF2D500F06783 /* NavigationController.swift in Sources */,
				D80FF822234C867B00FCC52B /* mcNavigation.swift in Sources */,
				D8479D2B232D223700FA2B69 /* rootViewController+Styles.swift in Sources */,
				D8C673B6233A16A400B8EDAE /* resultScreen+Styles.swift in Sources */,
				D8EE4551233B6AA9007BB8D3 /* sendSiblings.swift in Sources */,
				D8ECB723233E0839008A3422 /* sendSiblings+Styles.swift in Sources */,
				D8921E14233B468C008B4B73 /* ContactCell.swift in Sources */,
				D8479D44232E5CD100FA2B69 /* Student.swift in Sources */,
				D8D5F56D233E33B000662481 /* sendSiblings+Messages.swift in Sources */,
				D81355F3234D639F00F88C78 /* manualCheckinResponse.swift in Sources */,
				D83220D1232A846300189B20 /* Constant.swift in Sources */,
				D8C673B8233A180000B8EDAE /* navigationResultScreen.swift in Sources */,
				D877D497232FE81300F06783 /* BinhMinhAPIManager.swift in Sources */,
				D84DEE74234C96C6004A9521 /* finished_MC.swift in Sources */,
				D80FF824234C8A8D00FCC52B /* manualCheckin + Styles.swift in Sources */,
				D877D49C23308D8B00F06783 /* StackedProfileViewController.swift in Sources */,
				D83220AF232A720300189B20 /* AppDelegate.swift in Sources */,
				D81355ED234CA5C700F88C78 /* step_2_MC + Styles.swift in Sources */,
				D8D5F56B233E32DA00662481 /* callSiblings.swift in Sources */,
				D8AB3935234E7A3C009A43B4 /* step_3_MC + Styles.swift in Sources */,
				D8D5F56F233E366D00662481 /* resultScreen+tableView.swift in Sources */,
				D83220CD232A798200189B20 /* LoginController+Styles.swift in Sources */,
				D8ECB721233DFC41008A3422 /* Section.swift in Sources */,
				D84DEE70234C9683004A9521 /* step_2_MC.swift in Sources */,
				D8479D29232D15AF00FA2B69 /* ScanView.swift in Sources */,
				D80FF826234C8A9E00FCC52B /* manualCheckinController.swift in Sources */,
			);
			runOnlyForDeploymentPostprocessing = 0;
		};
		D89F9FFA23AF976000892074 /* Sources */ = {
			isa = PBXSourcesBuildPhase;
			buildActionMask = 2147483647;
			files = (
				D89FA00123AF976000892074 /* Binh_Minh_CollabTests.swift in Sources */,
			);
			runOnlyForDeploymentPostprocessing = 0;
		};
/* End PBXSourcesBuildPhase section */

/* Begin PBXTargetDependency section */
		D89FA00423AF976000892074 /* PBXTargetDependency */ = {
			isa = PBXTargetDependency;
			target = D83220AA232A720300189B20 /* Binh Minh Collab */;
			targetProxy = D89FA00323AF976000892074 /* PBXContainerItemProxy */;
		};
/* End PBXTargetDependency section */

/* Begin PBXVariantGroup section */
		D83220B7232A720400189B20 /* LaunchScreen.storyboard */ = {
			isa = PBXVariantGroup;
			children = (
				D83220B8232A720400189B20 /* Base */,
			);
			name = LaunchScreen.storyboard;
			sourceTree = "<group>";
		};
/* End PBXVariantGroup section */

/* Begin XCBuildConfiguration section */
		D83220BB232A720400189B20 /* Debug */ = {
			isa = XCBuildConfiguration;
			buildSettings = {
				ALWAYS_SEARCH_USER_PATHS = NO;
				CLANG_ANALYZER_NONNULL = YES;
				CLANG_ANALYZER_NUMBER_OBJECT_CONVERSION = YES_AGGRESSIVE;
				CLANG_CXX_LANGUAGE_STANDARD = "gnu++14";
				CLANG_CXX_LIBRARY = "libc++";
				CLANG_ENABLE_MODULES = YES;
				CLANG_ENABLE_OBJC_ARC = YES;
				CLANG_ENABLE_OBJC_WEAK = YES;
				CLANG_WARN_BLOCK_CAPTURE_AUTORELEASING = YES;
				CLANG_WARN_BOOL_CONVERSION = YES;
				CLANG_WARN_COMMA = YES;
				CLANG_WARN_CONSTANT_CONVERSION = YES;
				CLANG_WARN_DEPRECATED_OBJC_IMPLEMENTATIONS = YES;
				CLANG_WARN_DIRECT_OBJC_ISA_USAGE = YES_ERROR;
				CLANG_WARN_DOCUMENTATION_COMMENTS = YES;
				CLANG_WARN_EMPTY_BODY = YES;
				CLANG_WARN_ENUM_CONVERSION = YES;
				CLANG_WARN_INFINITE_RECURSION = YES;
				CLANG_WARN_INT_CONVERSION = YES;
				CLANG_WARN_NON_LITERAL_NULL_CONVERSION = YES;
				CLANG_WARN_OBJC_IMPLICIT_RETAIN_SELF = YES;
				CLANG_WARN_OBJC_LITERAL_CONVERSION = YES;
				CLANG_WARN_OBJC_ROOT_CLASS = YES_ERROR;
				CLANG_WARN_RANGE_LOOP_ANALYSIS = YES;
				CLANG_WARN_STRICT_PROTOTYPES = YES;
				CLANG_WARN_SUSPICIOUS_MOVE = YES;
				CLANG_WARN_UNGUARDED_AVAILABILITY = YES_AGGRESSIVE;
				CLANG_WARN_UNREACHABLE_CODE = YES;
				CLANG_WARN__DUPLICATE_METHOD_MATCH = YES;
				CODE_SIGN_IDENTITY = "iPhone Developer";
				COPY_PHASE_STRIP = NO;
				DEBUG_INFORMATION_FORMAT = dwarf;
				ENABLE_STRICT_OBJC_MSGSEND = YES;
				ENABLE_TESTABILITY = YES;
				GCC_C_LANGUAGE_STANDARD = gnu11;
				GCC_DYNAMIC_NO_PIC = NO;
				GCC_NO_COMMON_BLOCKS = YES;
				GCC_OPTIMIZATION_LEVEL = 0;
				GCC_PREPROCESSOR_DEFINITIONS = (
					"DEBUG=1",
					"$(inherited)",
				);
				GCC_WARN_64_TO_32_BIT_CONVERSION = YES;
				GCC_WARN_ABOUT_RETURN_TYPE = YES_ERROR;
				GCC_WARN_UNDECLARED_SELECTOR = YES;
				GCC_WARN_UNINITIALIZED_AUTOS = YES_AGGRESSIVE;
				GCC_WARN_UNUSED_FUNCTION = YES;
				GCC_WARN_UNUSED_VARIABLE = YES;
				IPHONEOS_DEPLOYMENT_TARGET = 11.0;
				MTL_ENABLE_DEBUG_INFO = INCLUDE_SOURCE;
				MTL_FAST_MATH = YES;
				ONLY_ACTIVE_ARCH = YES;
				SDKROOT = iphoneos;
				SWIFT_ACTIVE_COMPILATION_CONDITIONS = DEBUG;
				SWIFT_OPTIMIZATION_LEVEL = "-Onone";
			};
			name = Debug;
		};
		D83220BC232A720400189B20 /* Release */ = {
			isa = XCBuildConfiguration;
			buildSettings = {
				ALWAYS_SEARCH_USER_PATHS = NO;
				CLANG_ANALYZER_NONNULL = YES;
				CLANG_ANALYZER_NUMBER_OBJECT_CONVERSION = YES_AGGRESSIVE;
				CLANG_CXX_LANGUAGE_STANDARD = "gnu++14";
				CLANG_CXX_LIBRARY = "libc++";
				CLANG_ENABLE_MODULES = YES;
				CLANG_ENABLE_OBJC_ARC = YES;
				CLANG_ENABLE_OBJC_WEAK = YES;
				CLANG_WARN_BLOCK_CAPTURE_AUTORELEASING = YES;
				CLANG_WARN_BOOL_CONVERSION = YES;
				CLANG_WARN_COMMA = YES;
				CLANG_WARN_CONSTANT_CONVERSION = YES;
				CLANG_WARN_DEPRECATED_OBJC_IMPLEMENTATIONS = YES;
				CLANG_WARN_DIRECT_OBJC_ISA_USAGE = YES_ERROR;
				CLANG_WARN_DOCUMENTATION_COMMENTS = YES;
				CLANG_WARN_EMPTY_BODY = YES;
				CLANG_WARN_ENUM_CONVERSION = YES;
				CLANG_WARN_INFINITE_RECURSION = YES;
				CLANG_WARN_INT_CONVERSION = YES;
				CLANG_WARN_NON_LITERAL_NULL_CONVERSION = YES;
				CLANG_WARN_OBJC_IMPLICIT_RETAIN_SELF = YES;
				CLANG_WARN_OBJC_LITERAL_CONVERSION = YES;
				CLANG_WARN_OBJC_ROOT_CLASS = YES_ERROR;
				CLANG_WARN_RANGE_LOOP_ANALYSIS = YES;
				CLANG_WARN_STRICT_PROTOTYPES = YES;
				CLANG_WARN_SUSPICIOUS_MOVE = YES;
				CLANG_WARN_UNGUARDED_AVAILABILITY = YES_AGGRESSIVE;
				CLANG_WARN_UNREACHABLE_CODE = YES;
				CLANG_WARN__DUPLICATE_METHOD_MATCH = YES;
				CODE_SIGN_IDENTITY = "iPhone Developer";
				COPY_PHASE_STRIP = NO;
				DEBUG_INFORMATION_FORMAT = "dwarf-with-dsym";
				ENABLE_NS_ASSERTIONS = NO;
				ENABLE_STRICT_OBJC_MSGSEND = YES;
				GCC_C_LANGUAGE_STANDARD = gnu11;
				GCC_NO_COMMON_BLOCKS = YES;
				GCC_WARN_64_TO_32_BIT_CONVERSION = YES;
				GCC_WARN_ABOUT_RETURN_TYPE = YES_ERROR;
				GCC_WARN_UNDECLARED_SELECTOR = YES;
				GCC_WARN_UNINITIALIZED_AUTOS = YES_AGGRESSIVE;
				GCC_WARN_UNUSED_FUNCTION = YES;
				GCC_WARN_UNUSED_VARIABLE = YES;
				IPHONEOS_DEPLOYMENT_TARGET = 11.0;
				MTL_ENABLE_DEBUG_INFO = NO;
				MTL_FAST_MATH = YES;
				SDKROOT = iphoneos;
				SWIFT_COMPILATION_MODE = wholemodule;
				SWIFT_OPTIMIZATION_LEVEL = "-O";
				VALIDATE_PRODUCT = YES;
			};
			name = Release;
		};
		D83220BE232A720400189B20 /* Debug */ = {
			isa = XCBuildConfiguration;
			baseConfigurationReference = 6A253EA5BA6D7F933026892D /* Pods-Binh Minh Collab.debug.xcconfig */;
			buildSettings = {
				ASSETCATALOG_COMPILER_APPICON_NAME = AppIcon;
				CODE_SIGN_STYLE = Automatic;
				DEVELOPMENT_TEAM = 679FU78457;
				INFOPLIST_FILE = "Binh Minh Collab/Info.plist";
				IPHONEOS_DEPLOYMENT_TARGET = 11.0;
				LD_RUNPATH_SEARCH_PATHS = (
					"$(inherited)",
					"@executable_path/Frameworks",
				);
				PRODUCT_BUNDLE_IDENTIFIER = "megatunger.Binh-Minh-Collab";
				PRODUCT_NAME = "$(TARGET_NAME)";
				SWIFT_VERSION = 5.0;
				TARGETED_DEVICE_FAMILY = "1,2";
			};
			name = Debug;
		};
		D83220BF232A720400189B20 /* Release */ = {
			isa = XCBuildConfiguration;
			baseConfigurationReference = 84D74027E3B2FB6D53AEB7B6 /* Pods-Binh Minh Collab.release.xcconfig */;
			buildSettings = {
				ASSETCATALOG_COMPILER_APPICON_NAME = AppIcon;
				CODE_SIGN_STYLE = Automatic;
				DEVELOPMENT_TEAM = 679FU78457;
				INFOPLIST_FILE = "Binh Minh Collab/Info.plist";
				IPHONEOS_DEPLOYMENT_TARGET = 11.0;
				LD_RUNPATH_SEARCH_PATHS = (
					"$(inherited)",
					"@executable_path/Frameworks",
				);
				PRODUCT_BUNDLE_IDENTIFIER = "megatunger.Binh-Minh-Collab";
				PRODUCT_NAME = "$(TARGET_NAME)";
				SWIFT_VERSION = 5.0;
				TARGETED_DEVICE_FAMILY = "1,2";
			};
			name = Release;
		};
		D89FA00623AF976000892074 /* Debug */ = {
			isa = XCBuildConfiguration;
			buildSettings = {
				BUNDLE_LOADER = "$(TEST_HOST)";
				CODE_SIGN_STYLE = Automatic;
				INFOPLIST_FILE = "Binh Minh CollabTests/Info.plist";
				IPHONEOS_DEPLOYMENT_TARGET = 13.2;
				LD_RUNPATH_SEARCH_PATHS = (
					"$(inherited)",
					"@executable_path/Frameworks",
					"@loader_path/Frameworks",
				);
				PRODUCT_BUNDLE_IDENTIFIER = "megatunger.Binh-Minh-CollabTests";
				PRODUCT_NAME = "$(TARGET_NAME)";
				SWIFT_VERSION = 5.0;
				TARGETED_DEVICE_FAMILY = "1,2";
				TEST_HOST = "$(BUILT_PRODUCTS_DIR)/Binh Minh Collab.app/Binh Minh Collab";
			};
			name = Debug;
		};
		D89FA00723AF976000892074 /* Release */ = {
			isa = XCBuildConfiguration;
			buildSettings = {
				BUNDLE_LOADER = "$(TEST_HOST)";
				CODE_SIGN_STYLE = Automatic;
				INFOPLIST_FILE = "Binh Minh CollabTests/Info.plist";
				IPHONEOS_DEPLOYMENT_TARGET = 13.2;
				LD_RUNPATH_SEARCH_PATHS = (
					"$(inherited)",
					"@executable_path/Frameworks",
					"@loader_path/Frameworks",
				);
				PRODUCT_BUNDLE_IDENTIFIER = "megatunger.Binh-Minh-CollabTests";
				PRODUCT_NAME = "$(TARGET_NAME)";
				SWIFT_VERSION = 5.0;
				TARGETED_DEVICE_FAMILY = "1,2";
				TEST_HOST = "$(BUILT_PRODUCTS_DIR)/Binh Minh Collab.app/Binh Minh Collab";
			};
			name = Release;
		};
/* End XCBuildConfiguration section */

/* Begin XCConfigurationList section */
		D83220A6232A720300189B20 /* Build configuration list for PBXProject "Binh Minh Collab" */ = {
			isa = XCConfigurationList;
			buildConfigurations = (
				D83220BB232A720400189B20 /* Debug */,
				D83220BC232A720400189B20 /* Release */,
			);
			defaultConfigurationIsVisible = 0;
			defaultConfigurationName = Release;
		};
		D83220BD232A720400189B20 /* Build configuration list for PBXNativeTarget "Binh Minh Collab" */ = {
			isa = XCConfigurationList;
			buildConfigurations = (
				D83220BE232A720400189B20 /* Debug */,
				D83220BF232A720400189B20 /* Release */,
			);
			defaultConfigurationIsVisible = 0;
			defaultConfigurationName = Release;
		};
		D89FA00523AF976000892074 /* Build configuration list for PBXNativeTarget "Binh Minh CollabTests" */ = {
			isa = XCConfigurationList;
			buildConfigurations = (
				D89FA00623AF976000892074 /* Debug */,
				D89FA00723AF976000892074 /* Release */,
			);
			defaultConfigurationIsVisible = 0;
			defaultConfigurationName = Release;
		};
/* End XCConfigurationList section */
	};
	rootObject = D83220A3232A720300189B20 /* Project object */;
}
